
Microsoft Visual Studio Solution File, Format Version 12.00
# Visual Studio Version 17
VisualStudioVersion = 17.14.36603.0
MinimumVisualStudioVersion = 10.0.40219.1
Project("{FAE04EC0-301F-11D3-BF4B-00C04F79EFBC}") = "Body4U.Membership.Api", "Body4U\Body4U.Membership.Api.csproj", "{F953FA49-5461-4701-99BE-22E7DA5E1C39}"
EndProject
Project("{2150E333-8FDC-42A3-9474-1A3956D46DE8}") = "src", "src", "{02EA681E-C7D8-13C7-8484-4AC65E1B71E8}"
EndProject
Project("{2150E333-8FDC-42A3-9474-1A3956D46DE8}") = "SharedKernel", "SharedKernel", "{0BDFB320-A6C8-4748-A9AD-8DD1E0563710}"
EndProject
Project("{2150E333-8FDC-42A3-9474-1A3956D46DE8}") = "Services", "Services", "{08F02AA3-0D58-4855-B042-B0F17354DCAB}"
EndProject
Project("{FAE04EC0-301F-11D3-BF4B-00C04F79EFBC}") = "Body4U.SharedKernel.Domain", "Body4U.SharedKernel.Domain\Body4U.SharedKernel.Domain.csproj", "{21A8586E-EA07-4641-81AB-C57E048A0906}"
EndProject
Project("{2150E333-8FDC-42A3-9474-1A3956D46DE8}") = "Membership", "Membership", "{4E769D46-E55C-40A8-A5E2-4D3B0D46467F}"
EndProject
Project("{FAE04EC0-301F-11D3-BF4B-00C04F79EFBC}") = "Body4U.Membership.Domain", "Body4U.Membership.Domain\Body4U.Membership.Domain.csproj", "{2DFE1A78-35DE-4E8C-8CF8-11FAB2CF4847}"
EndProject
Project("{FAE04EC0-301F-11D3-BF4B-00C04F79EFBC}") = "Body4U.Membership.Application", "Body4U.Membership.Application\Body4U.Membership.Application.csproj", "{1DFBC188-A283-4EFB-A8A8-46F49FC74EFB}"
EndProject
Project("{FAE04EC0-301F-11D3-BF4B-00C04F79EFBC}") = "Body4U.Membership.Infrastructure", "Body4U.Membership.Infrastructure\Body4U.Membership.Infrastructure.csproj", "{846206CE-87DA-4740-A9CF-612A2D29858E}"
EndProject
Global
	GlobalSection(SolutionConfigurationPlatforms) = preSolution
		Debug|Any CPU = Debug|Any CPU
		Release|Any CPU = Release|Any CPU
	EndGlobalSection
	GlobalSection(ProjectConfigurationPlatforms) = postSolution
		{F953FA49-5461-4701-99BE-22E7DA5E1C39}.Debug|Any CPU.ActiveCfg = Debug|Any CPU
		{F953FA49-5461-4701-99BE-22E7DA5E1C39}.Debug|Any CPU.Build.0 = Debug|Any CPU
		{F953FA49-5461-4701-99BE-22E7DA5E1C39}.Release|Any CPU.ActiveCfg = Release|Any CPU
		{F953FA49-5461-4701-99BE-22E7DA5E1C39}.Release|Any CPU.Build.0 = Release|Any CPU
		{21A8586E-EA07-4641-81AB-C57E048A0906}.Debug|Any CPU.ActiveCfg = Debug|Any CPU
		{21A8586E-EA07-4641-81AB-C57E048A0906}.Debug|Any CPU.Build.0 = Debug|Any CPU
		{21A8586E-EA07-4641-81AB-C57E048A0906}.Release|Any CPU.ActiveCfg = Release|Any CPU
		{21A8586E-EA07-4641-81AB-C57E048A0906}.Release|Any CPU.Build.0 = Release|Any CPU
		{2DFE1A78-35DE-4E8C-8CF8-11FAB2CF4847}.Debug|Any CPU.ActiveCfg = Debug|Any CPU
		{2DFE1A78-35DE-4E8C-8CF8-11FAB2CF4847}.Debug|Any CPU.Build.0 = Debug|Any CPU
		{2DFE1A78-35DE-4E8C-8CF8-11FAB2CF4847}.Release|Any CPU.ActiveCfg = Release|Any CPU
		{2DFE1A78-35DE-4E8C-8CF8-11FAB2CF4847}.Release|Any CPU.Build.0 = Release|Any CPU
		{1DFBC188-A283-4EFB-A8A8-46F49FC74EFB}.Debug|Any CPU.ActiveCfg = Debug|Any CPU
		{1DFBC188-A283-4EFB-A8A8-46F49FC74EFB}.Debug|Any CPU.Build.0 = Debug|Any CPU
		{1DFBC188-A283-4EFB-A8A8-46F49FC74EFB}.Release|Any CPU.ActiveCfg = Release|Any CPU
		{1DFBC188-A283-4EFB-A8A8-46F49FC74EFB}.Release|Any CPU.Build.0 = Release|Any CPU
		{846206CE-87DA-4740-A9CF-612A2D29858E}.Debug|Any CPU.ActiveCfg = Debug|Any CPU
		{846206CE-87DA-4740-A9CF-612A2D29858E}.Debug|Any CPU.Build.0 = Debug|Any CPU
		{846206CE-87DA-4740-A9CF-612A2D29858E}.Release|Any CPU.ActiveCfg = Release|Any CPU
		{846206CE-87DA-4740-A9CF-612A2D29858E}.Release|Any CPU.Build.0 = Release|Any CPU
	EndGlobalSection
	GlobalSection(SolutionProperties) = preSolution
		HideSolutionNode = FALSE
	EndGlobalSection
	GlobalSection(NestedProjects) = preSolution
		{F953FA49-5461-4701-99BE-22E7DA5E1C39} = {4E769D46-E55C-40A8-A5E2-4D3B0D46467F}
		{0BDFB320-A6C8-4748-A9AD-8DD1E0563710} = {02EA681E-C7D8-13C7-8484-4AC65E1B71E8}
		{08F02AA3-0D58-4855-B042-B0F17354DCAB} = {02EA681E-C7D8-13C7-8484-4AC65E1B71E8}
		{21A8586E-EA07-4641-81AB-C57E048A0906} = {0BDFB320-A6C8-4748-A9AD-8DD1E0563710}
		{4E769D46-E55C-40A8-A5E2-4D3B0D46467F} = {08F02AA3-0D58-4855-B042-B0F17354DCAB}
		{2DFE1A78-35DE-4E8C-8CF8-11FAB2CF4847} = {4E769D46-E55C-40A8-A5E2-4D3B0D46467F}
		{1DFBC188-A283-4EFB-A8A8-46F49FC74EFB} = {4E769D46-E55C-40A8-A5E2-4D3B0D46467F}
		{846206CE-87DA-4740-A9CF-612A2D29858E} = {4E769D46-E55C-40A8-A5E2-4D3B0D46467F}
	EndGlobalSection
	GlobalSection(ExtensibilityGlobals) = postSolution
		SolutionGuid = {14D8401C-5EA1-4ADA-8E66-9E9BED4E5E77}
	EndGlobalSection
EndGlobal
